
Microsoft Visual Studio Solution File, Format Version 12.00
# Visual Studio Version 17
VisualStudioVersion = 17.10.35027.167
MinimumVisualStudioVersion = 10.0.40219.1
Project("{FAE04EC0-301F-11D3-BF4B-00C04F79EFBC}") = "practiceRudichenko", "practiceKrasnyh\practiceRudichenko.csproj", "{511F6514-8597-4987-AFFF-F008D8144B01}"
EndProject
Global
	GlobalSection(SolutionConfigurationPlatforms) = preSolution
		Debug|Any CPU = Debug|Any CPU
		Release|Any CPU = Release|Any CPU
	EndGlobalSection
	GlobalSection(ProjectConfigurationPlatforms) = postSolution
		{511F6514-8597-4987-AFFF-F008D8144B01}.Debug|Any CPU.ActiveCfg = Debug|Any CPU
		{511F6514-8597-4987-AFFF-F008D8144B01}.Debug|Any CPU.Build.0 = Debug|Any CPU
		{511F6514-8597-4987-AFFF-F008D8144B01}.Release|Any CPU.ActiveCfg = Release|Any CPU
		{511F6514-8597-4987-AFFF-F008D8144B01}.Release|Any CPU.Build.0 = Release|Any CPU
	EndGlobalSection
	GlobalSection(SolutionProperties) = preSolution
		HideSolutionNode = FALSE
	EndGlobalSection
	GlobalSection(ExtensibilityGlobals) = postSolution
		SolutionGuid = {2FD74F3F-C96B-42A7-B942-26B6DA313A46}
	EndGlobalSection
EndGlobal
